
Microsoft Visual Studio Solution File, Format Version 12.00
# Visual Studio Version 17
VisualStudioVersion = 17.14.36429.23
MinimumVisualStudioVersion = 10.0.40219.1
Project("{FAE04EC0-301F-11D3-BF4B-00C04F79EFBC}") = "NodeLinkUI", "NodeLinkUI\NodeLinkUI.csproj", "{9ACA08DC-CCCA-47E8-AF79-6A0C71F7A748}"
EndProject
Project("{FAE04EC0-301F-11D3-BF4B-00C04F79EFBC}") = "NodeMaster", "NodeMaster\NodeMaster.csproj", "{612272B2-5C44-4191-926F-BA8F63D6D53E}"
EndProject
Project("{FAE04EC0-301F-11D3-BF4B-00C04F79EFBC}") = "NodeAgent", "NodeAgent\NodeAgent.csproj", "{E0EEFD59-2EA8-4FE4-9B70-1F36487AB11A}"
EndProject
Project("{FAE04EC0-301F-11D3-BF4B-00C04F79EFBC}") = "NodeComm", "NodeComm\NodeComm.csproj", "{E1016FAB-E069-4B3A-A4C8-64E224D9F775}"
EndProject
Project("{FAE04EC0-301F-11D3-BF4B-00C04F79EFBC}") = "NodeCore", "NodeCore\NodeCore.csproj", "{894FB425-D0DC-4C23-94D1-C282BD2E6292}"
EndProject
Project("{2150E333-8FDC-42A3-9474-1A3956D46DE8}") = "Solution Items", "Solution Items", "{8EC462FD-D22E-90A8-E5CE-7E832BA40C5D}"
	ProjectSection(SolutionItems) = preProject
		Directory.Build.props = Directory.Build.props
	EndProjectSection
EndProject
Global
	GlobalSection(SolutionConfigurationPlatforms) = preSolution
		Debug|Any CPU = Debug|Any CPU
		Release|Any CPU = Release|Any CPU
	EndGlobalSection
	GlobalSection(ProjectConfigurationPlatforms) = postSolution
		{9ACA08DC-CCCA-47E8-AF79-6A0C71F7A748}.Debug|Any CPU.ActiveCfg = Debug|Any CPU
		{9ACA08DC-CCCA-47E8-AF79-6A0C71F7A748}.Debug|Any CPU.Build.0 = Debug|Any CPU
		{9ACA08DC-CCCA-47E8-AF79-6A0C71F7A748}.Release|Any CPU.ActiveCfg = Release|Any CPU
		{9ACA08DC-CCCA-47E8-AF79-6A0C71F7A748}.Release|Any CPU.Build.0 = Release|Any CPU
		{612272B2-5C44-4191-926F-BA8F63D6D53E}.Debug|Any CPU.ActiveCfg = Debug|Any CPU
		{612272B2-5C44-4191-926F-BA8F63D6D53E}.Debug|Any CPU.Build.0 = Debug|Any CPU
		{612272B2-5C44-4191-926F-BA8F63D6D53E}.Release|Any CPU.ActiveCfg = Release|Any CPU
		{612272B2-5C44-4191-926F-BA8F63D6D53E}.Release|Any CPU.Build.0 = Release|Any CPU
		{E0EEFD59-2EA8-4FE4-9B70-1F36487AB11A}.Debug|Any CPU.ActiveCfg = Debug|Any CPU
		{E0EEFD59-2EA8-4FE4-9B70-1F36487AB11A}.Debug|Any CPU.Build.0 = Debug|Any CPU
		{E0EEFD59-2EA8-4FE4-9B70-1F36487AB11A}.Release|Any CPU.ActiveCfg = Release|Any CPU
		{E0EEFD59-2EA8-4FE4-9B70-1F36487AB11A}.Release|Any CPU.Build.0 = Release|Any CPU
		{E1016FAB-E069-4B3A-A4C8-64E224D9F775}.Debug|Any CPU.ActiveCfg = Debug|Any CPU
		{E1016FAB-E069-4B3A-A4C8-64E224D9F775}.Debug|Any CPU.Build.0 = Debug|Any CPU
		{E1016FAB-E069-4B3A-A4C8-64E224D9F775}.Release|Any CPU.ActiveCfg = Release|Any CPU
		{E1016FAB-E069-4B3A-A4C8-64E224D9F775}.Release|Any CPU.Build.0 = Release|Any CPU
		{894FB425-D0DC-4C23-94D1-C282BD2E6292}.Debug|Any CPU.ActiveCfg = Debug|Any CPU
		{894FB425-D0DC-4C23-94D1-C282BD2E6292}.Debug|Any CPU.Build.0 = Debug|Any CPU
		{894FB425-D0DC-4C23-94D1-C282BD2E6292}.Release|Any CPU.ActiveCfg = Release|Any CPU
		{894FB425-D0DC-4C23-94D1-C282BD2E6292}.Release|Any CPU.Build.0 = Release|Any CPU
	EndGlobalSection
	GlobalSection(SolutionProperties) = preSolution
		HideSolutionNode = FALSE
	EndGlobalSection
	GlobalSection(ExtensibilityGlobals) = postSolution
		SolutionGuid = {3EB670E6-5935-40CE-BD45-DF8D3B263E93}
	EndGlobalSection
EndGlobal
